<?xml version="1.0" encoding="UTF-8" standalone="yes" ?>
<CodeBlocks_project_file>
	<FileVersion major="1" minor="6" />
	<Project>
		<Option title="NeutronCalculation" />
		<Option pch_mode="2" />
		<Option compiler="gcc" />
		<Build>
			<Target title="Debug">
				<Option output="bin/Debug/NeutronCalculation" prefix_auto="1" extension_auto="1" />
				<Option object_output="obj/Debug/" />
				<Option type="1" />
				<Option compiler="gcc" />
				<Compiler>
					<Add option="-Wextra" />
					<Add option="-g" />
				</Compiler>
			</Target>
			<Target title="Release">
				<Option output="bin/Release/NeutronCalculation" prefix_auto="1" extension_auto="1" />
				<Option object_output="obj/Release/" />
				<Option type="1" />
				<Option compiler="gcc" />
				<Compiler>
					<Add option="-O2" />
				</Compiler>
				<Linker>
					<Add option="-s" />
				</Linker>
			</Target>
		</Build>
		<Compiler>
			<Add option="-Wall" />
			<Add option="-fexceptions" />
		</Compiler>
		<Unit filename="Auxiliary.cpp" />
		<Unit filename="Auxiliary.h">
			<Option target="&lt;{~None~}&gt;" />
		</Unit>
		<Unit filename="CathodeCurrents.cpp" />
		<Unit filename="CathodeCurrents.h">
			<Option target="&lt;{~None~}&gt;" />
		</Unit>
		<Unit filename="CrossSections.cpp" />
		<Unit filename="CrossSections.h" />
		<Unit filename="CrossSectionsCont.h" />
		<Unit filename="EnergySpectra/IonSpectrum.cpp" />
		<Unit filename="EnergySpectra/IonSpectrum.h" />
		<Unit filename="EnergySpectra/NeutralsClassIISpectrum.cpp">
			<Option target="&lt;{~None~}&gt;" />
		</Unit>
		<Unit filename="EnergySpectra/NeutralsClassIISpectrum.h">
			<Option target="&lt;{~None~}&gt;" />
		</Unit>
		<Unit filename="EnergySpectra/NeutralsClassISpectrum.cpp" />
		<Unit filename="EnergySpectra/NeutralsClassISpectrum.h">
			<Option target="&lt;{~None~}&gt;" />
		</Unit>
		<Unit filename="EnergySpectrumIons.cpp" />
		<Unit filename="EnergySpectrumIons.h">
			<Option target="&lt;{~None~}&gt;" />
		</Unit>
		<Unit filename="IonParticleFlux.cpp" />
		<Unit filename="IonParticleFlux.h">
			<Option link="1" />
			<Option target="&lt;{~None~}&gt;" />
		</Unit>
		<Unit filename="MathFunctions.cpp" />
		<Unit filename="MathFunctions.h">
			<Option link="1" />
			<Option target="&lt;{~None~}&gt;" />
		</Unit>
		<Unit filename="NeutralParticleFlux.cpp" />
		<Unit filename="NeutralParticleFlux.h">
			<Option target="&lt;{~None~}&gt;" />
		</Unit>
		<Unit filename="NeutronProductionRate.cpp" />
		<Unit filename="NeutronProductionRate.h">
			<Option target="&lt;{~None~}&gt;" />
		</Unit>
		<Unit filename="NeutronProduction/NeutronProductionIons.cpp" />
		<Unit filename="NeutronProduction/NeutronProductionIons.h" />
		<Unit filename="NeutronProduction/NeutronProductionNeutralsClassI.cpp" />
		<Unit filename="NeutronProduction/NeutronProductionNeutralsClassI.h" />
		<Unit filename="NeutronProduction/NeutronProductionNeutralsClassII.cpp" />
		<Unit filename="NeutronProduction/NeutronProductionNeutralsClassII.h" />
		<Unit filename="ParticleFlux/FluxIons.cpp" />
		<Unit filename="ParticleFlux/FluxIons.h" />
		<Unit filename="ParticleFlux/FluxNeutralsClassI.cpp" />
		<Unit filename="ParticleFlux/FluxNeutralsClassI.h" />
		<Unit filename="ParticleFlux/FluxNeutralsClassII.cpp" />
		<Unit filename="ParticleFlux/FluxNeutralsClassII.h" />
		<Unit filename="PotentialFunctions.cpp" />
		<Unit filename="PotentialFunctions.h">
			<Option link="1" />
			<Option target="&lt;{~None~}&gt;" />
		</Unit>
		<Unit filename="SourceFunction.cpp" />
		<Unit filename="SourceFunction.h" />
		<Unit filename="SurvivalFunctions.cpp" />
		<Unit filename="SurvivalFunctions.h">
			<Option link="1" />
			<Option target="&lt;{~None~}&gt;" />
		</Unit>
		<Unit filename="constants.cpp" />
		<Unit filename="constants.h">
			<Option target="&lt;{~None~}&gt;" />
		</Unit>
		<Unit filename="includes.h">
			<Option target="&lt;{~None~}&gt;" />
		</Unit>
		<Unit filename="main.cpp" />
		<Extensions>
			<code_completion />
			<envvars />
			<debugger />
			<lib_finder disable_auto="1" />
			<DoxyBlocks>
				<comment_style block="0" line="0" />
				<doxyfile_project />
				<doxyfile_build />
				<doxyfile_warnings />
				<doxyfile_output />
				<doxyfile_dot />
				<general />
			</DoxyBlocks>
		</Extensions>
	</Project>
</CodeBlocks_project_file>
